
Microsoft Visual Studio Solution File, Format Version 12.00
# Visual Studio Version 16
VisualStudioVersion = 16.0.29411.108
MinimumVisualStudioVersion = 10.0.40219.1
Project("{9A19103F-16F7-4668-BE54-9A1E7A4F7556}") = "DircksTestBench", "DircksTestBench\DircksTestBench.csproj", "{B3B010C3-9E5F-4CD8-86C7-1170F7F2FE03}"
EndProject
Project("{6EC3EE1D-3C4E-46DD-8F32-0CC8E7565705}") = "BacktesterDircksTest", "..\BacktesterDircksTest\BacktesterDircksTest\BacktesterDircksTest.fsproj", "{EB7515F0-B77A-4867-A6E7-C86690FCD15A}"
EndProject
Global
	GlobalSection(SolutionConfigurationPlatforms) = preSolution
		Debug|Any CPU = Debug|Any CPU
		Release|Any CPU = Release|Any CPU
	EndGlobalSection
	GlobalSection(ProjectConfigurationPlatforms) = postSolution
		{B3B010C3-9E5F-4CD8-86C7-1170F7F2FE03}.Debug|Any CPU.ActiveCfg = Debug|Any CPU
		{B3B010C3-9E5F-4CD8-86C7-1170F7F2FE03}.Debug|Any CPU.Build.0 = Debug|Any CPU
		{B3B010C3-9E5F-4CD8-86C7-1170F7F2FE03}.Release|Any CPU.ActiveCfg = Release|Any CPU
		{B3B010C3-9E5F-4CD8-86C7-1170F7F2FE03}.Release|Any CPU.Build.0 = Release|Any CPU
		{EB7515F0-B77A-4867-A6E7-C86690FCD15A}.Debug|Any CPU.ActiveCfg = Debug|Any CPU
		{EB7515F0-B77A-4867-A6E7-C86690FCD15A}.Debug|Any CPU.Build.0 = Debug|Any CPU
		{EB7515F0-B77A-4867-A6E7-C86690FCD15A}.Release|Any CPU.ActiveCfg = Release|Any CPU
		{EB7515F0-B77A-4867-A6E7-C86690FCD15A}.Release|Any CPU.Build.0 = Release|Any CPU
	EndGlobalSection
	GlobalSection(SolutionProperties) = preSolution
		HideSolutionNode = FALSE
	EndGlobalSection
	GlobalSection(ExtensibilityGlobals) = postSolution
		SolutionGuid = {B4595B51-B974-472B-AF63-6809D852E4CA}
	EndGlobalSection
EndGlobal
