
Microsoft Visual Studio Solution File, Format Version 12.00
# Visual Studio Version 16
VisualStudioVersion = 16.0.29411.108
MinimumVisualStudioVersion = 10.0.40219.1
Project("{F2A71F9B-5D33-465A-A702-920D77279786}") = "BacktesterDircksTest", "BacktesterDircksTest\BacktesterDircksTest.fsproj", "{C5A4D16A-05C2-4416-A0AC-0DEC7B0E9F65}"
EndProject
Project("{F2A71F9B-5D33-465A-A702-920D77279786}") = "DircksBackTester.Tests", "DircksBackTester.Tests\DircksBackTester.Tests.fsproj", "{7DBBEDE1-BE3D-42D2-940B-63C3A01EEB5D}"
EndProject
Global
	GlobalSection(SolutionConfigurationPlatforms) = preSolution
		Debug|Any CPU = Debug|Any CPU
		Release|Any CPU = Release|Any CPU
	EndGlobalSection
	GlobalSection(ProjectConfigurationPlatforms) = postSolution
		{C5A4D16A-05C2-4416-A0AC-0DEC7B0E9F65}.Debug|Any CPU.ActiveCfg = Debug|Any CPU
		{C5A4D16A-05C2-4416-A0AC-0DEC7B0E9F65}.Debug|Any CPU.Build.0 = Debug|Any CPU
		{C5A4D16A-05C2-4416-A0AC-0DEC7B0E9F65}.Release|Any CPU.ActiveCfg = Release|Any CPU
		{C5A4D16A-05C2-4416-A0AC-0DEC7B0E9F65}.Release|Any CPU.Build.0 = Release|Any CPU
		{7DBBEDE1-BE3D-42D2-940B-63C3A01EEB5D}.Debug|Any CPU.ActiveCfg = Debug|Any CPU
		{7DBBEDE1-BE3D-42D2-940B-63C3A01EEB5D}.Debug|Any CPU.Build.0 = Debug|Any CPU
		{7DBBEDE1-BE3D-42D2-940B-63C3A01EEB5D}.Release|Any CPU.ActiveCfg = Release|Any CPU
		{7DBBEDE1-BE3D-42D2-940B-63C3A01EEB5D}.Release|Any CPU.Build.0 = Release|Any CPU
	EndGlobalSection
	GlobalSection(SolutionProperties) = preSolution
		HideSolutionNode = FALSE
	EndGlobalSection
	GlobalSection(ExtensibilityGlobals) = postSolution
		SolutionGuid = {F4E7F0AB-6252-4E14-BBA0-4423AD84DD8A}
	EndGlobalSection
EndGlobal
